
Microsoft Visual Studio Solution File, Format Version 12.00
# Visual Studio Version 17
VisualStudioVersion = 17.11.35312.102
MinimumVisualStudioVersion = 10.0.40219.1
Project("{FAE04EC0-301F-11D3-BF4B-00C04F79EFBC}") = "OrderProyectAPI", "OrderProyectAPI\OrderProyectAPI.csproj", "{536E0672-1F8A-4B4A-854A-2989487B6125}"
EndProject
Project("{FAE04EC0-301F-11D3-BF4B-00C04F79EFBC}") = "Infrastructure", "Infrastructure\Infrastructure.csproj", "{1B7AA984-07D6-4CF7-BC60-590F22486227}"
EndProject
Project("{FAE04EC0-301F-11D3-BF4B-00C04F79EFBC}") = "Domain", "Domain\Domain.csproj", "{334D25E0-19DD-47C3-89DF-F55BB84053FD}"
EndProject
Project("{FAE04EC0-301F-11D3-BF4B-00C04F79EFBC}") = "Application", "Application\Application.csproj", "{8A115FB6-7A54-4A7A-A729-B4C90CE22B0D}"
EndProject
Global
	GlobalSection(SolutionConfigurationPlatforms) = preSolution
		Debug|Any CPU = Debug|Any CPU
		Release|Any CPU = Release|Any CPU
	EndGlobalSection
	GlobalSection(ProjectConfigurationPlatforms) = postSolution
		{536E0672-1F8A-4B4A-854A-2989487B6125}.Debug|Any CPU.ActiveCfg = Debug|Any CPU
		{536E0672-1F8A-4B4A-854A-2989487B6125}.Debug|Any CPU.Build.0 = Debug|Any CPU
		{536E0672-1F8A-4B4A-854A-2989487B6125}.Release|Any CPU.ActiveCfg = Release|Any CPU
		{536E0672-1F8A-4B4A-854A-2989487B6125}.Release|Any CPU.Build.0 = Release|Any CPU
		{1B7AA984-07D6-4CF7-BC60-590F22486227}.Debug|Any CPU.ActiveCfg = Debug|Any CPU
		{1B7AA984-07D6-4CF7-BC60-590F22486227}.Debug|Any CPU.Build.0 = Debug|Any CPU
		{1B7AA984-07D6-4CF7-BC60-590F22486227}.Release|Any CPU.ActiveCfg = Release|Any CPU
		{1B7AA984-07D6-4CF7-BC60-590F22486227}.Release|Any CPU.Build.0 = Release|Any CPU
		{334D25E0-19DD-47C3-89DF-F55BB84053FD}.Debug|Any CPU.ActiveCfg = Debug|Any CPU
		{334D25E0-19DD-47C3-89DF-F55BB84053FD}.Debug|Any CPU.Build.0 = Debug|Any CPU
		{334D25E0-19DD-47C3-89DF-F55BB84053FD}.Release|Any CPU.ActiveCfg = Release|Any CPU
		{334D25E0-19DD-47C3-89DF-F55BB84053FD}.Release|Any CPU.Build.0 = Release|Any CPU
		{8A115FB6-7A54-4A7A-A729-B4C90CE22B0D}.Debug|Any CPU.ActiveCfg = Debug|Any CPU
		{8A115FB6-7A54-4A7A-A729-B4C90CE22B0D}.Debug|Any CPU.Build.0 = Debug|Any CPU
		{8A115FB6-7A54-4A7A-A729-B4C90CE22B0D}.Release|Any CPU.ActiveCfg = Release|Any CPU
		{8A115FB6-7A54-4A7A-A729-B4C90CE22B0D}.Release|Any CPU.Build.0 = Release|Any CPU
	EndGlobalSection
	GlobalSection(SolutionProperties) = preSolution
		HideSolutionNode = FALSE
	EndGlobalSection
	GlobalSection(ExtensibilityGlobals) = postSolution
		SolutionGuid = {768383C6-1C2F-46ED-B6B9-B3EF8638558A}
	EndGlobalSection
EndGlobal
